// !$*UTF8*$!
{
	archiveVersion = 1;
	classes = {
	};
	objectVersion = 55;
	objects = {

/* Begin PBXBuildFile section */
		4312FBD128C20E9B00AACE67 /* AppDelegate.swift in Sources */ = {isa = PBXBuildFile; fileRef = 4312FBD028C20E9B00AACE67 /* AppDelegate.swift */; };
		4312FBD328C20E9B00AACE67 /* SceneDelegate.swift in Sources */ = {isa = PBXBuildFile; fileRef = 4312FBD228C20E9B00AACE67 /* SceneDelegate.swift */; };
		4312FBD828C20E9B00AACE67 /* Main.storyboard in Resources */ = {isa = PBXBuildFile; fileRef = 4312FBD628C20E9B00AACE67 /* Main.storyboard */; };
		4312FBDA28C20E9D00AACE67 /* Assets.xcassets in Resources */ = {isa = PBXBuildFile; fileRef = 4312FBD928C20E9D00AACE67 /* Assets.xcassets */; };
		4312FBDD28C20E9D00AACE67 /* LaunchScreen.storyboard in Resources */ = {isa = PBXBuildFile; fileRef = 4312FBDB28C20E9D00AACE67 /* LaunchScreen.storyboard */; };
		4312FBE528C20EE200AACE67 /* MobileStorage.swift in Sources */ = {isa = PBXBuildFile; fileRef = 4312FBE428C20EE200AACE67 /* MobileStorage.swift */; };
		4312FBE728C2109800AACE67 /* DataStore.swift in Sources */ = {isa = PBXBuildFile; fileRef = 4312FBE628C2109800AACE67 /* DataStore.swift */; };
/* End PBXBuildFile section */

/* Begin PBXFileReference section */
		4312FBCD28C20E9B00AACE67 /* MobilePhone.app */ = {isa = PBXFileReference; explicitFileType = wrapper.application; includeInIndex = 0; path = MobilePhone.app; sourceTree = BUILT_PRODUCTS_DIR; };
		4312FBD028C20E9B00AACE67 /* AppDelegate.swift */ = {isa = PBXFileReference; lastKnownFileType = sourcecode.swift; path = AppDelegate.swift; sourceTree = "<group>"; };
		4312FBD228C20E9B00AACE67 /* SceneDelegate.swift */ = {isa = PBXFileReference; lastKnownFileType = sourcecode.swift; path = SceneDelegate.swift; sourceTree = "<group>"; };
		4312FBD728C20E9B00AACE67 /* Base */ = {isa = PBXFileReference; lastKnownFileType = file.storyboard; name = Base; path = Base.lproj/Main.storyboard; sourceTree = "<group>"; };
		4312FBD928C20E9D00AACE67 /* Assets.xcassets */ = {isa = PBXFileReference; lastKnownFileType = folder.assetcatalog; path = Assets.xcassets; sourceTree = "<group>"; };
		4312FBDC28C20E9D00AACE67 /* Base */ = {isa = PBXFileReference; lastKnownFileType = file.storyboard; name = Base; path = Base.lproj/LaunchScreen.storyboard; sourceTree = "<group>"; };
		4312FBDE28C20E9D00AACE67 /* Info.plist */ = {isa = PBXFileReference; lastKnownFileType = text.plist.xml; path = Info.plist; sourceTree = "<group>"; };
		4312FBE428C20EE200AACE67 /* MobileStorage.swift */ = {isa = PBXFileReference; lastKnownFileType = sourcecode.swift; path = MobileStorage.swift; sourceTree = "<group>"; };
		4312FBE628C2109800AACE67 /* DataStore.swift */ = {isa = PBXFileReference; lastKnownFileType = sourcecode.swift; path = DataStore.swift; sourceTree = "<group>"; };
/* End PBXFileReference section */

/* Begin PBXFrameworksBuildPhase section */
		4312FBCA28C20E9B00AACE67 /* Frameworks */ = {
			isa = PBXFrameworksBuildPhase;
			buildActionMask = 2147483647;
			files = (
			);
			runOnlyForDeploymentPostprocessing = 0;
		};
/* End PBXFrameworksBuildPhase section */

/* Begin PBXGroup section */
		4312FBC428C20E9B00AACE67 = {
			isa = PBXGroup;
			children = (
				4312FBCF28C20E9B00AACE67 /* MobilePhone */,
				4312FBCE28C20E9B00AACE67 /* Products */,
			);
			sourceTree = "<group>";
		};
		4312FBCE28C20E9B00AACE67 /* Products */ = {
			isa = PBXGroup;
			children = (
				4312FBCD28C20E9B00AACE67 /* MobilePhone.app */,
			);
			name = Products;
			sourceTree = "<group>";
		};
		4312FBCF28C20E9B00AACE67 /* MobilePhone */ = {
			isa = PBXGroup;
			children = (
				4312FBD028C20E9B00AACE67 /* AppDelegate.swift */,
				4312FBD228C20E9B00AACE67 /* SceneDelegate.swift */,
				4312FBE428C20EE200AACE67 /* MobileStorage.swift */,
				4312FBE628C2109800AACE67 /* DataStore.swift */,
				4312FBD628C20E9B00AACE67 /* Main.storyboard */,
				4312FBD928C20E9D00AACE67 /* Assets.xcassets */,
				4312FBDB28C20E9D00AACE67 /* LaunchScreen.storyboard */,
				4312FBDE28C20E9D00AACE67 /* Info.plist */,
			);
			path = MobilePhone;
			sourceTree = "<group>";
		};
/* End PBXGroup section */

/* Begin PBXNativeTarget section */
		4312FBCC28C20E9B00AACE67 /* MobilePhone */ = {
			isa = PBXNativeTarget;
			buildConfigurationList = 4312FBE128C20E9D00AACE67 /* Build configuration list for PBXNativeTarget "MobilePhone" */;
			buildPhases = (
				4312FBC928C20E9B00AACE67 /* Sources */,
				4312FBCA28C20E9B00AACE67 /* Frameworks */,
				4312FBCB28C20E9B00AACE67 /* Resources */,
			);
			buildRules = (
			);
			dependencies = (
			);
			name = MobilePhone;
			productName = MobilePhone;
			productReference = 4312FBCD28C20E9B00AACE67 /* MobilePhone.app */;
			productType = "com.apple.product-type.application";
		};
/* End PBXNativeTarget section */

/* Begin PBXProject section */
		4312FBC528C20E9B00AACE67 /* Project object */ = {
			isa = PBXProject;
			attributes = {
				BuildIndependentTargetsInParallel = 1;
				LastSwiftUpdateCheck = 1340;
				LastUpgradeCheck = 1340;
				TargetAttributes = {
					4312FBCC28C20E9B00AACE67 = {
						CreatedOnToolsVersion = 13.4.1;
					};
				};
			};
			buildConfigurationList = 4312FBC828C20E9B00AACE67 /* Build configuration list for PBXProject "MobilePhone" */;
			compatibilityVersion = "Xcode 13.0";
			developmentRegion = en;
			hasScannedForEncodings = 0;
			knownRegions = (
				en,
				Base,
			);
			mainGroup = 4312FBC428C20E9B00AACE67;
			productRefGroup = 4312FBCE28C20E9B00AACE67 /* Products */;
			projectDirPath = "";
			projectRoot = "";
			targets = (
				4312FBCC28C20E9B00AACE67 /* MobilePhone */,
			);
		};
/* End PBXProject section */

/* Begin PBXResourcesBuildPhase section */
		4312FBCB28C20E9B00AACE67 /* Resources */ = {
			isa = PBXResourcesBuildPhase;
			buildActionMask = 2147483647;
			files = (
				4312FBDD28C20E9D00AACE67 /* LaunchScreen.storyboard in Resources */,
				4312FBDA28C20E9D00AACE67 /* Assets.xcassets in Resources */,
				4312FBD828C20E9B00AACE67 /* Main.storyboard in Resources */,
			);
			runOnlyForDeploymentPostprocessing = 0;
		};
/* End PBXResourcesBuildPhase section */

/* Begin PBXSourcesBuildPhase section */
		4312FBC928C20E9B00AACE67 /* Sources */ = {
			isa = PBXSourcesBuildPhase;
			buildActionMask = 2147483647;
			files = (
				4312FBD128C20E9B00AACE67 /* AppDelegate.swift in Sources */,
				4312FBE528C20EE200AACE67 /* MobileStorage.swift in Sources */,
				4312FBE728C2109800AACE67 /* DataStore.swift in Sources */,
				4312FBD328C20E9B00AACE67 /* SceneDelegate.swift in Sources */,
			);
			runOnlyForDeploymentPostprocessing = 0;
		};
/* End PBXSourcesBuildPhase section */

/* Begin PBXVariantGroup section */
		4312FBD628C20E9B00AACE67 /* Main.storyboard */ = {
			isa = PBXVariantGroup;
			children = (
				4312FBD728C20E9B00AACE67 /* Base */,
			);
			name = Main.storyboard;
			sourceTree = "<group>";
		};
		4312FBDB28C20E9D00AACE67 /* LaunchScreen.storyboard */ = {
			isa = PBXVariantGroup;
			children = (
				4312FBDC28C20E9D00AACE67 /* Base */,
			);
			name = LaunchScreen.storyboard;
			sourceTree = "<group>";
		};
/* End PBXVariantGroup section */

/* Begin XCBuildConfiguration section */
		4312FBDF28C20E9D00AACE67 /* Debug */ = {
			isa = XCBuildConfiguration;
			buildSettings = {
				ALWAYS_SEARCH_USER_PATHS = NO;
				CLANG_ANALYZER_NONNULL = YES;
				CLANG_ANALYZER_NUMBER_OBJECT_CONVERSION = YES_AGGRESSIVE;
				CLANG_CXX_LANGUAGE_STANDARD = "gnu++17";
				CLANG_ENABLE_MODULES = YES;
				CLANG_ENABLE_OBJC_ARC = YES;
				CLANG_ENABLE_OBJC_WEAK = YES;
				CLANG_WARN_BLOCK_CAPTURE_AUTORELEASING = YES;
				CLANG_WARN_BOOL_CONVERSION = YES;
				CLANG_WARN_COMMA = YES;
				CLANG_WARN_CONSTANT_CONVERSION = YES;
				CLANG_WARN_DEPRECATED_OBJC_IMPLEMENTATIONS = YES;
				CLANG_WARN_DIRECT_OBJC_ISA_USAGE = YES_ERROR;
				CLANG_WARN_DOCUMENTATION_COMMENTS = YES;
				CLANG_WARN_EMPTY_BODY = YES;
				CLANG_WARN_ENUM_CONVERSION = YES;
				CLANG_WARN_INFINITE_RECURSION = YES;
				CLANG_WARN_INT_CONVERSION = YES;
				CLANG_WARN_NON_LITERAL_NULL_CONVERSION = YES;
				CLANG_WARN_OBJC_IMPLICIT_RETAIN_SELF = YES;
				CLANG_WARN_OBJC_LITERAL_CONVERSION = YES;
				CLANG_WARN_OBJC_ROOT_CLASS = YES_ERROR;
				CLANG_WARN_QUOTED_INCLUDE_IN_FRAMEWORK_HEADER = YES;
				CLANG_WARN_RANGE_LOOP_ANALYSIS = YES;
				CLANG_WARN_STRICT_PROTOTYPES = YES;
				CLANG_WARN_SUSPICIOUS_MOVE = YES;
				CLANG_WARN_UNGUARDED_AVAILABILITY = YES_AGGRESSIVE;
				CLANG_WARN_UNREACHABLE_CODE = YES;
				CLANG_WARN__DUPLICATE_METHOD_MATCH = YES;
				COPY_PHASE_STRIP = NO;
				DEBUG_INFORMATION_FORMAT = dwarf;
				ENABLE_STRICT_OBJC_MSGSEND = YES;
				ENABLE_TESTABILITY = YES;
				GCC_C_LANGUAGE_STANDARD = gnu11;
				GCC_DYNAMIC_NO_PIC = NO;
				GCC_NO_COMMON_BLOCKS = YES;
				GCC_OPTIMIZATION_LEVEL = 0;
				GCC_PREPROCESSOR_DEFINITIONS = (
					"DEBUG=1",
					"$(inherited)",
				);
				GCC_WARN_64_TO_32_BIT_CONVERSION = YES;
				GCC_WARN_ABOUT_RETURN_TYPE = YES_ERROR;
				GCC_WARN_UNDECLARED_SELECTOR = YES;
				GCC_WARN_UNINITIALIZED_AUTOS = YES_AGGRESSIVE;
				GCC_WARN_UNUSED_FUNCTION = YES;
				GCC_WARN_UNUSED_VARIABLE = YES;
				IPHONEOS_DEPLOYMENT_TARGET = 15.5;
				MTL_ENABLE_DEBUG_INFO = INCLUDE_SOURCE;
				MTL_FAST_MATH = YES;
				ONLY_ACTIVE_ARCH = YES;
				SDKROOT = iphoneos;
				SWIFT_ACTIVE_COMPILATION_CONDITIONS = DEBUG;
				SWIFT_OPTIMIZATION_LEVEL = "-Onone";
			};
			name = Debug;
		};
		4312FBE028C20E9D00AACE67 /* Release */ = {
			isa = XCBuildConfiguration;
			buildSettings = {
				ALWAYS_SEARCH_USER_PATHS = NO;
				CLANG_ANALYZER_NONNULL = YES;
				CLANG_ANALYZER_NUMBER_OBJECT_CONVERSION = YES_AGGRESSIVE;
				CLANG_CXX_LANGUAGE_STANDARD = "gnu++17";
				CLANG_ENABLE_MODULES = YES;
				CLANG_ENABLE_OBJC_ARC = YES;
				CLANG_ENABLE_OBJC_WEAK = YES;
				CLANG_WARN_BLOCK_CAPTURE_AUTORELEASING = YES;
				CLANG_WARN_BOOL_CONVERSION = YES;
				CLANG_WARN_COMMA = YES;
				CLANG_WARN_CONSTANT_CONVERSION = YES;
				CLANG_WARN_DEPRECATED_OBJC_IMPLEMENTATIONS = YES;
				CLANG_WARN_DIRECT_OBJC_ISA_USAGE = YES_ERROR;
				CLANG_WARN_DOCUMENTATION_COMMENTS = YES;
				CLANG_WARN_EMPTY_BODY = YES;
				CLANG_WARN_ENUM_CONVERSION = YES;
				CLANG_WARN_INFINITE_RECURSION = YES;
				CLANG_WARN_INT_CONVERSION = YES;
				CLANG_WARN_NON_LITERAL_NULL_CONVERSION = YES;
				CLANG_WARN_OBJC_IMPLICIT_RETAIN_SELF = YES;
				CLANG_WARN_OBJC_LITERAL_CONVERSION = YES;
				CLANG_WARN_OBJC_ROOT_CLASS = YES_ERROR;
				CLANG_WARN_QUOTED_INCLUDE_IN_FRAMEWORK_HEADER = YES;
				CLANG_WARN_RANGE_LOOP_ANALYSIS = YES;
				CLANG_WARN_STRICT_PROTOTYPES = YES;
				CLANG_WARN_SUSPICIOUS_MOVE = YES;
				CLANG_WARN_UNGUARDED_AVAILABILITY = YES_AGGRESSIVE;
				CLANG_WARN_UNREACHABLE_CODE = YES;
				CLANG_WARN__DUPLICATE_METHOD_MATCH = YES;
				COPY_PHASE_STRIP = NO;
				DEBUG_INFORMATION_FORMAT = "dwarf-with-dsym";
				ENABLE_NS_ASSERTIONS = NO;
				ENABLE_STRICT_OBJC_MSGSEND = YES;
				GCC_C_LANGUAGE_STANDARD = gnu11;
				GCC_NO_COMMON_BLOCKS = YES;
				GCC_WARN_64_TO_32_BIT_CONVERSION = YES;
				GCC_WARN_ABOUT_RETURN_TYPE = YES_ERROR;
				GCC_WARN_UNDECLARED_SELECTOR = YES;
				GCC_WARN_UNINITIALIZED_AUTOS = YES_AGGRESSIVE;
				GCC_WARN_UNUSED_FUNCTION = YES;
				GCC_WARN_UNUSED_VARIABLE = YES;
				IPHONEOS_DEPLOYMENT_TARGET = 15.5;
				MTL_ENABLE_DEBUG_INFO = NO;
				MTL_FAST_MATH = YES;
				SDKROOT = iphoneos;
				SWIFT_COMPILATION_MODE = wholemodule;
				SWIFT_OPTIMIZATION_LEVEL = "-O";
				VALIDATE_PRODUCT = YES;
			};
			name = Release;
		};
		4312FBE228C20E9D00AACE67 /* Debug */ = {
			isa = XCBuildConfiguration;
			buildSettings = {
				ASSETCATALOG_COMPILER_APPICON_NAME = AppIcon;
				ASSETCATALOG_COMPILER_GLOBAL_ACCENT_COLOR_NAME = AccentColor;
				CODE_SIGN_STYLE = Automatic;
				CURRENT_PROJECT_VERSION = 1;
				DEVELOPMENT_TEAM = Q95U4J4JFY;
				GENERATE_INFOPLIST_FILE = YES;
				INFOPLIST_FILE = MobilePhone/Info.plist;
				INFOPLIST_KEY_UIApplicationSupportsIndirectInputEvents = YES;
				INFOPLIST_KEY_UILaunchStoryboardName = LaunchScreen;
				INFOPLIST_KEY_UIMainStoryboardFile = Main;
				INFOPLIST_KEY_UISupportedInterfaceOrientations_iPad = "UIInterfaceOrientationPortrait UIInterfaceOrientationPortraitUpsideDown UIInterfaceOrientationLandscapeLeft UIInterfaceOrientationLandscapeRight";
				INFOPLIST_KEY_UISupportedInterfaceOrientations_iPhone = "UIInterfaceOrientationPortrait UIInterfaceOrientationLandscapeLeft UIInterfaceOrientationLandscapeRight";
				LD_RUNPATH_SEARCH_PATHS = (
					"$(inherited)",
					"@executable_path/Frameworks",
				);
				MARKETING_VERSION = 1.0;
				PRODUCT_BUNDLE_IDENTIFIER = com.bogdan.MobilePhone;
				PRODUCT_NAME = "$(TARGET_NAME)";
				SWIFT_EMIT_LOC_STRINGS = YES;
				SWIFT_VERSION = 5.0;
				TARGETED_DEVICE_FAMILY = "1,2";
			};
			name = Debug;
		};
		4312FBE328C20E9D00AACE67 /* Release */ = {
			isa = XCBuildConfiguration;
			buildSettings = {
				ASSETCATALOG_COMPILER_APPICON_NAME = AppIcon;
				ASSETCATALOG_COMPILER_GLOBAL_ACCENT_COLOR_NAME = AccentColor;
				CODE_SIGN_STYLE = Automatic;
				CURRENT_PROJECT_VERSION = 1;
				DEVELOPMENT_TEAM = Q95U4J4JFY;
				GENERATE_INFOPLIST_FILE = YES;
				INFOPLIST_FILE = MobilePhone/Info.plist;
				INFOPLIST_KEY_UIApplicationSupportsIndirectInputEvents = YES;
				INFOPLIST_KEY_UILaunchStoryboardName = LaunchScreen;
				INFOPLIST_KEY_UIMainStoryboardFile = Main;
				INFOPLIST_KEY_UISupportedInterfaceOrientations_iPad = "UIInterfaceOrientationPortrait UIInterfaceOrientationPortraitUpsideDown UIInterfaceOrientationLandscapeLeft UIInterfaceOrientationLandscapeRight";
				INFOPLIST_KEY_UISupportedInterfaceOrientations_iPhone = "UIInterfaceOrientationPortrait UIInterfaceOrientationLandscapeLeft UIInterfaceOrientationLandscapeRight";
				LD_RUNPATH_SEARCH_PATHS = (
					"$(inherited)",
					"@executable_path/Frameworks",
				);
				MARKETING_VERSION = 1.0;
				PRODUCT_BUNDLE_IDENTIFIER = com.bogdan.MobilePhone;
				PRODUCT_NAME = "$(TARGET_NAME)";
				SWIFT_EMIT_LOC_STRINGS = YES;
				SWIFT_VERSION = 5.0;
				TARGETED_DEVICE_FAMILY = "1,2";
			};
			name = Release;
		};
/* End XCBuildConfiguration section */

/* Begin XCConfigurationList section */
		4312FBC828C20E9B00AACE67 /* Build configuration list for PBXProject "MobilePhone" */ = {
			isa = XCConfigurationList;
			buildConfigurations = (
				4312FBDF28C20E9D00AACE67 /* Debug */,
				4312FBE028C20E9D00AACE67 /* Release */,
			);
			defaultConfigurationIsVisible = 0;
			defaultConfigurationName = Release;
		};
		4312FBE128C20E9D00AACE67 /* Build configuration list for PBXNativeTarget "MobilePhone" */ = {
			isa = XCConfigurationList;
			buildConfigurations = (
				4312FBE228C20E9D00AACE67 /* Debug */,
				4312FBE328C20E9D00AACE67 /* Release */,
			);
			defaultConfigurationIsVisible = 0;
			defaultConfigurationName = Release;
		};
/* End XCConfigurationList section */
	};
	rootObject = 4312FBC528C20E9B00AACE67 /* Project object */;
}
